// !$*UTF8*$!
{
	archiveVersion = 1;
	classes = {
	};
	objectVersion = 42;
	objects = {

/* Begin PBXApplicationTarget section */
		29B97326FDCFA39411CA2CEA /* UKProgressPanel */ = {
			isa = PBXApplicationTarget;
			buildConfigurationList = 7FFF2D0D093830B0008572B2 /* Build configuration list for PBXApplicationTarget "UKProgressPanel" */;
			buildPhases = (
				29B97327FDCFA39411CA2CEA /* Headers */,
				29B97328FDCFA39411CA2CEA /* Resources */,
				29B9732BFDCFA39411CA2CEA /* Sources */,
				29B9732DFDCFA39411CA2CEA /* Frameworks */,
			);
			buildSettings = {
				FRAMEWORK_SEARCH_PATHS = "";
				HEADER_SEARCH_PATHS = "";
				INSTALL_PATH = "$(HOME)/Applications";
				LIBRARY_SEARCH_PATHS = "";
				OTHER_CFLAGS = "";
				OTHER_LDFLAGS = "";
				PRECOMPILE_PREFIX_HEADER = YES;
				PREFIX_HEADER = UKProgressPanel_Prefix.h;
				PRODUCT_NAME = UKProgressPanel;
				SECTORDER_FLAGS = "";
				WARNING_CFLAGS = (
					"-Wmost",
					"-Wno-four-char-constants",
					"-Wno-unknown-pragmas",
				);
				WRAPPER_EXTENSION = app;
			};
			dependencies = (
			);
			name = UKProgressPanel;
			productInstallPath = "$(HOME)/Applications";
			productName = UKProgressPanel;
			productReference = 17587328FF379C6511CA2CBB /* UKProgressPanel.app */;
			productSettingsXML = "<?xml version=\"1.0\" encoding=\"UTF-8\"?>
<!DOCTYPE plist PUBLIC \"-//Apple Computer//DTD PLIST 1.0//EN\" \"http://www.apple.com/DTDs/PropertyList-1.0.dtd\">
<plist version=\"1.0\">
<dict>
	<key>CFBundleDevelopmentRegion</key>
	<string>English</string>
	<key>CFBundleExecutable</key>
	<string>UKProgressPanel</string>
	<key>CFBundleIconFile</key>
	<string></string>
	<key>CFBundleInfoDictionaryVersion</key>
	<string>6.0</string>
	<key>CFBundlePackageType</key>
	<string>APPL</string>
	<key>CFBundleSignature</key>
	<string>????</string>
	<key>CFBundleVersion</key>
	<string>0.1</string>
	<key>NSMainNibFile</key>
	<string>MainMenu</string>
	<key>NSPrincipalClass</key>
	<string>NSApplication</string>
</dict>
</plist>
";
		};
/* End PBXApplicationTarget section */

/* Begin PBXBuildFile section */
		080E96DCFE201CFB7F000001 /* MainMenu.nib in Resources */ = {isa = PBXBuildFile; fileRef = 29B97318FDCFA39411CA2CEA /* MainMenu.nib */; };
		089C165EFE840E0CC02AAC07 /* InfoPlist.strings in Resources */ = {isa = PBXBuildFile; fileRef = 089C165CFE840E0CC02AAC07 /* InfoPlist.strings */; };
		1058C7A3FEA54F0111CA2CBB /* Cocoa.framework in Frameworks */ = {isa = PBXBuildFile; fileRef = 1058C7A1FEA54F0111CA2CBB /* Cocoa.framework */; };
		29B9732CFDCFA39411CA2CEA /* main.m in Sources */ = {isa = PBXBuildFile; fileRef = 29B97316FDCFA39411CA2CEA /* main.m */; settings = {ATTRIBUTES = (); }; };
		32CA4F650368D2AA00C91783 /* UKProgressPanel_Prefix.h in Headers */ = {isa = PBXBuildFile; fileRef = 32CA4F630368D1EE00C91783 /* UKProgressPanel_Prefix.h */; };
		3D28086705211E44002C23A7 /* UKProgressPanel.h in Headers */ = {isa = PBXBuildFile; fileRef = 3D28086305211E44002C23A7 /* UKProgressPanel.h */; };
		3D28086805211E44002C23A7 /* UKProgressPanelTask.m in Sources */ = {isa = PBXBuildFile; fileRef = 3D28086405211E44002C23A7 /* UKProgressPanelTask.m */; };
		3D28086905211E44002C23A7 /* UKProgressPanel.m in Sources */ = {isa = PBXBuildFile; fileRef = 3D28086505211E44002C23A7 /* UKProgressPanel.m */; };
		3D28086A05211E44002C23A7 /* UKProgressPanelTask.h in Headers */ = {isa = PBXBuildFile; fileRef = 3D28086605211E44002C23A7 /* UKProgressPanelTask.h */; };
		3D28088105212013002C23A7 /* ProgressAppDelegate.h in Headers */ = {isa = PBXBuildFile; fileRef = 3D28087F05212013002C23A7 /* ProgressAppDelegate.h */; };
		3D28088205212013002C23A7 /* ProgressAppDelegate.m in Sources */ = {isa = PBXBuildFile; fileRef = 3D28088005212013002C23A7 /* ProgressAppDelegate.m */; };
		3D856E8005225F6A002A6897 /* UKProgressPanel.strings in Resources */ = {isa = PBXBuildFile; fileRef = 3D856E7F05225F6A002A6897 /* UKProgressPanel.strings */; };
		3D856E8205225F70002A6897 /* UKProgressPanel.nib in Resources */ = {isa = PBXBuildFile; fileRef = 3D856E8105225F70002A6897 /* UKProgressPanel.nib */; };
		3D856E8405225F76002A6897 /* UKProgressPanelTask.nib in Resources */ = {isa = PBXBuildFile; fileRef = 3D856E8305225F76002A6897 /* UKProgressPanelTask.nib */; };
/* End PBXBuildFile section */

/* Begin PBXBuildStyle section */
		4A9504CCFFE6A4B311CA0CBA /* Development */ = {
			isa = PBXBuildStyle;
			buildSettings = {
				COPY_PHASE_STRIP = NO;
				GCC_DYNAMIC_NO_PIC = NO;
				GCC_ENABLE_FIX_AND_CONTINUE = YES;
				GCC_GENERATE_DEBUGGING_SYMBOLS = YES;
				GCC_OPTIMIZATION_LEVEL = 0;
				OPTIMIZATION_CFLAGS = "-O0";
				ZERO_LINK = YES;
			};
			name = Development;
		};
		4A9504CDFFE6A4B311CA0CBA /* Deployment */ = {
			isa = PBXBuildStyle;
			buildSettings = {
				COPY_PHASE_STRIP = YES;
				GCC_ENABLE_FIX_AND_CONTINUE = NO;
				ZERO_LINK = NO;
			};
			name = Deployment;
		};
/* End PBXBuildStyle section */

/* Begin PBXFileReference section */
		089C165DFE840E0CC02AAC07 /* English */ = {isa = PBXFileReference; fileEncoding = 10; lastKnownFileType = text.plist.strings; name = English; path = English.lproj/InfoPlist.strings; sourceTree = "<group>"; };
		1058C7A1FEA54F0111CA2CBB /* Cocoa.framework */ = {isa = PBXFileReference; lastKnownFileType = wrapper.framework; name = Cocoa.framework; path = /System/Library/Frameworks/Cocoa.framework; sourceTree = "<absolute>"; };
		17587328FF379C6511CA2CBB /* UKProgressPanel.app */ = {isa = PBXFileReference; explicitFileType = wrapper.application; path = UKProgressPanel.app; sourceTree = BUILT_PRODUCTS_DIR; };
		29B97316FDCFA39411CA2CEA /* main.m */ = {isa = PBXFileReference; fileEncoding = 30; lastKnownFileType = sourcecode.c.objc; path = main.m; sourceTree = "<group>"; };
		29B97319FDCFA39411CA2CEA /* English */ = {isa = PBXFileReference; lastKnownFileType = wrapper.nib; name = English; path = English.lproj/MainMenu.nib; sourceTree = "<group>"; };
		29B97324FDCFA39411CA2CEA /* AppKit.framework */ = {isa = PBXFileReference; lastKnownFileType = wrapper.framework; name = AppKit.framework; path = /System/Library/Frameworks/AppKit.framework; sourceTree = "<absolute>"; };
		29B97325FDCFA39411CA2CEA /* Foundation.framework */ = {isa = PBXFileReference; lastKnownFileType = wrapper.framework; name = Foundation.framework; path = /System/Library/Frameworks/Foundation.framework; sourceTree = "<absolute>"; };
		32CA4F630368D1EE00C91783 /* UKProgressPanel_Prefix.h */ = {isa = PBXFileReference; fileEncoding = 4; lastKnownFileType = sourcecode.c.h; path = UKProgressPanel_Prefix.h; sourceTree = "<group>"; };
		3D28086305211E44002C23A7 /* UKProgressPanel.h */ = {isa = PBXFileReference; fileEncoding = 30; lastKnownFileType = sourcecode.c.h; path = UKProgressPanel.h; sourceTree = "<group>"; };
		3D28086405211E44002C23A7 /* UKProgressPanelTask.m */ = {isa = PBXFileReference; fileEncoding = 30; lastKnownFileType = sourcecode.c.objc; path = UKProgressPanelTask.m; sourceTree = "<group>"; };
		3D28086505211E44002C23A7 /* UKProgressPanel.m */ = {isa = PBXFileReference; fileEncoding = 30; lastKnownFileType = sourcecode.c.objc; path = UKProgressPanel.m; sourceTree = "<group>"; };
		3D28086605211E44002C23A7 /* UKProgressPanelTask.h */ = {isa = PBXFileReference; fileEncoding = 30; lastKnownFileType = sourcecode.c.h; path = UKProgressPanelTask.h; sourceTree = "<group>"; };
		3D28086B05211E5F002C23A7 /* English */ = {isa = PBXFileReference; lastKnownFileType = wrapper.nib; name = English; path = English.lproj/UKProgressPanelTask.nib; sourceTree = "<group>"; };
		3D28086C05211E5F002C23A7 /* English */ = {isa = PBXFileReference; fileEncoding = 30; lastKnownFileType = text.plist.strings; name = English; path = English.lproj/UKProgressPanel.strings; sourceTree = "<group>"; };
		3D28086D05211E5F002C23A7 /* English */ = {isa = PBXFileReference; lastKnownFileType = wrapper.nib; name = English; path = English.lproj/UKProgressPanel.nib; sourceTree = "<group>"; };
		3D28087F05212013002C23A7 /* ProgressAppDelegate.h */ = {isa = PBXFileReference; fileEncoding = 30; lastKnownFileType = sourcecode.c.h; path = ProgressAppDelegate.h; sourceTree = "<group>"; };
		3D28088005212013002C23A7 /* ProgressAppDelegate.m */ = {isa = PBXFileReference; fileEncoding = 30; lastKnownFileType = sourcecode.c.objc; path = ProgressAppDelegate.m; sourceTree = "<group>"; };
		3D4E03F5052253C9008E6661 /* README.txt */ = {isa = PBXFileReference; fileEncoding = 4; lastKnownFileType = text; path = README.txt; sourceTree = SOURCE_ROOT; };
/* End PBXFileReference section */

/* Begin PBXFrameworksBuildPhase section */
		29B9732DFDCFA39411CA2CEA /* Frameworks */ = {
			isa = PBXFrameworksBuildPhase;
			buildActionMask = 2147483647;
			files = (
				1058C7A3FEA54F0111CA2CBB /* Cocoa.framework in Frameworks */,
			);
			runOnlyForDeploymentPostprocessing = 0;
		};
/* End PBXFrameworksBuildPhase section */

/* Begin PBXGroup section */
		080E96DDFE201D6D7F000001 /* Classes */ = {
			isa = PBXGroup;
			children = (
				3D28087F05212013002C23A7 /* ProgressAppDelegate.h */,
				3D28088005212013002C23A7 /* ProgressAppDelegate.m */,
				3D28086305211E44002C23A7 /* UKProgressPanel.h */,
				3D28086505211E44002C23A7 /* UKProgressPanel.m */,
				3D28086605211E44002C23A7 /* UKProgressPanelTask.h */,
				3D28086405211E44002C23A7 /* UKProgressPanelTask.m */,
			);
			name = Classes;
			sourceTree = SOURCE_ROOT;
		};
		1058C7A0FEA54F0111CA2CBB /* Linked Frameworks */ = {
			isa = PBXGroup;
			children = (
				1058C7A1FEA54F0111CA2CBB /* Cocoa.framework */,
			);
			name = "Linked Frameworks";
			sourceTree = "<group>";
		};
		1058C7A2FEA54F0111CA2CBB /* Other Frameworks */ = {
			isa = PBXGroup;
			children = (
				29B97325FDCFA39411CA2CEA /* Foundation.framework */,
				29B97324FDCFA39411CA2CEA /* AppKit.framework */,
			);
			name = "Other Frameworks";
			sourceTree = "<group>";
		};
		19C28FACFE9D520D11CA2CBB /* Products */ = {
			isa = PBXGroup;
			children = (
				17587328FF379C6511CA2CBB /* UKProgressPanel.app */,
			);
			name = Products;
			sourceTree = "<group>";
		};
		29B97314FDCFA39411CA2CEA /* UKProgressPanel */ = {
			isa = PBXGroup;
			children = (
				3D4E03F5052253C9008E6661 /* README.txt */,
				080E96DDFE201D6D7F000001 /* Classes */,
				29B97315FDCFA39411CA2CEA /* Other Sources */,
				29B97317FDCFA39411CA2CEA /* Resources */,
				29B97323FDCFA39411CA2CEA /* Frameworks */,
				19C28FACFE9D520D11CA2CBB /* Products */,
			);
			name = UKProgressPanel;
			sourceTree = "<group>";
		};
		29B97315FDCFA39411CA2CEA /* Other Sources */ = {
			isa = PBXGroup;
			children = (
				32CA4F630368D1EE00C91783 /* UKProgressPanel_Prefix.h */,
				29B97316FDCFA39411CA2CEA /* main.m */,
			);
			name = "Other Sources";
			sourceTree = SOURCE_ROOT;
		};
		29B97317FDCFA39411CA2CEA /* Resources */ = {
			isa = PBXGroup;
			children = (
				29B97318FDCFA39411CA2CEA /* MainMenu.nib */,
				089C165CFE840E0CC02AAC07 /* InfoPlist.strings */,
				3D856E8305225F76002A6897 /* UKProgressPanelTask.nib */,
				3D856E8105225F70002A6897 /* UKProgressPanel.nib */,
				3D856E7F05225F6A002A6897 /* UKProgressPanel.strings */,
			);
			name = Resources;
			sourceTree = SOURCE_ROOT;
		};
		29B97323FDCFA39411CA2CEA /* Frameworks */ = {
			isa = PBXGroup;
			children = (
				1058C7A0FEA54F0111CA2CBB /* Linked Frameworks */,
				1058C7A2FEA54F0111CA2CBB /* Other Frameworks */,
			);
			name = Frameworks;
			sourceTree = "<group>";
		};
/* End PBXGroup section */

/* Begin PBXHeadersBuildPhase section */
		29B97327FDCFA39411CA2CEA /* Headers */ = {
			isa = PBXHeadersBuildPhase;
			buildActionMask = 2147483647;
			files = (
				32CA4F650368D2AA00C91783 /* UKProgressPanel_Prefix.h in Headers */,
				3D28086705211E44002C23A7 /* UKProgressPanel.h in Headers */,
				3D28086A05211E44002C23A7 /* UKProgressPanelTask.h in Headers */,
				3D28088105212013002C23A7 /* ProgressAppDelegate.h in Headers */,
			);
			runOnlyForDeploymentPostprocessing = 0;
		};
/* End PBXHeadersBuildPhase section */

/* Begin PBXProject section */
		29B97313FDCFA39411CA2CEA /* Project object */ = {
			isa = PBXProject;
			buildConfigurationList = 7FFF2D11093830B0008572B2 /* Build configuration list for PBXProject "UKProgressPanel" */;
			buildSettings = {
			};
			buildStyles = (
				4A9504CCFFE6A4B311CA0CBA /* Development */,
				4A9504CDFFE6A4B311CA0CBA /* Deployment */,
			);
			hasScannedForEncodings = 1;
			mainGroup = 29B97314FDCFA39411CA2CEA /* UKProgressPanel */;
			projectDirPath = "";
			targets = (
				29B97326FDCFA39411CA2CEA /* UKProgressPanel */,
			);
		};
/* End PBXProject section */

/* Begin PBXResourcesBuildPhase section */
		29B97328FDCFA39411CA2CEA /* Resources */ = {
			isa = PBXResourcesBuildPhase;
			buildActionMask = 2147483647;
			files = (
				080E96DCFE201CFB7F000001 /* MainMenu.nib in Resources */,
				089C165EFE840E0CC02AAC07 /* InfoPlist.strings in Resources */,
				3D856E8405225F76002A6897 /* UKProgressPanelTask.nib in Resources */,
				3D856E8005225F6A002A6897 /* UKProgressPanel.strings in Resources */,
				3D856E8205225F70002A6897 /* UKProgressPanel.nib in Resources */,
			);
			runOnlyForDeploymentPostprocessing = 0;
		};
/* End PBXResourcesBuildPhase section */

/* Begin PBXSourcesBuildPhase section */
		29B9732BFDCFA39411CA2CEA /* Sources */ = {
			isa = PBXSourcesBuildPhase;
			buildActionMask = 2147483647;
			files = (
				29B9732CFDCFA39411CA2CEA /* main.m in Sources */,
				3D28086805211E44002C23A7 /* UKProgressPanelTask.m in Sources */,
				3D28086905211E44002C23A7 /* UKProgressPanel.m in Sources */,
				3D28088205212013002C23A7 /* ProgressAppDelegate.m in Sources */,
			);
			runOnlyForDeploymentPostprocessing = 0;
		};
/* End PBXSourcesBuildPhase section */

/* Begin PBXVariantGroup section */
		089C165CFE840E0CC02AAC07 /* InfoPlist.strings */ = {
			isa = PBXVariantGroup;
			children = (
				089C165DFE840E0CC02AAC07 /* English */,
			);
			name = InfoPlist.strings;
			sourceTree = "<group>";
		};
		29B97318FDCFA39411CA2CEA /* MainMenu.nib */ = {
			isa = PBXVariantGroup;
			children = (
				29B97319FDCFA39411CA2CEA /* English */,
			);
			name = MainMenu.nib;
			sourceTree = "<group>";
		};
		3D856E7F05225F6A002A6897 /* UKProgressPanel.strings */ = {
			isa = PBXVariantGroup;
			children = (
				3D28086C05211E5F002C23A7 /* English */,
			);
			name = UKProgressPanel.strings;
			sourceTree = "<group>";
		};
		3D856E8105225F70002A6897 /* UKProgressPanel.nib */ = {
			isa = PBXVariantGroup;
			children = (
				3D28086D05211E5F002C23A7 /* English */,
			);
			name = UKProgressPanel.nib;
			sourceTree = "<group>";
		};
		3D856E8305225F76002A6897 /* UKProgressPanelTask.nib */ = {
			isa = PBXVariantGroup;
			children = (
				3D28086B05211E5F002C23A7 /* English */,
			);
			name = UKProgressPanelTask.nib;
			sourceTree = "<group>";
		};
/* End PBXVariantGroup section */

/* Begin XCBuildConfiguration section */
		7FFF2D0E093830B0008572B2 /* Development */ = {
			isa = XCBuildConfiguration;
			buildSettings = {
				COPY_PHASE_STRIP = NO;
				FRAMEWORK_SEARCH_PATHS = "";
				GCC_DYNAMIC_NO_PIC = NO;
				GCC_ENABLE_FIX_AND_CONTINUE = YES;
				GCC_GENERATE_DEBUGGING_SYMBOLS = YES;
				GCC_OPTIMIZATION_LEVEL = 0;
				HEADER_SEARCH_PATHS = "";
				INSTALL_PATH = "$(HOME)/Applications";
				LIBRARY_SEARCH_PATHS = "";
				OPTIMIZATION_CFLAGS = "-O0";
				OTHER_CFLAGS = "";
				OTHER_LDFLAGS = "";
				PRECOMPILE_PREFIX_HEADER = YES;
				PREFIX_HEADER = UKProgressPanel_Prefix.h;
				PRODUCT_NAME = UKProgressPanel;
				SECTORDER_FLAGS = "";
				WARNING_CFLAGS = (
					"-Wmost",
					"-Wno-four-char-constants",
					"-Wno-unknown-pragmas",
				);
				WRAPPER_EXTENSION = app;
				ZERO_LINK = YES;
			};
			name = Development;
		};
		7FFF2D0F093830B0008572B2 /* Deployment */ = {
			isa = XCBuildConfiguration;
			buildSettings = {
				COPY_PHASE_STRIP = YES;
				FRAMEWORK_SEARCH_PATHS = "";
				GCC_ENABLE_FIX_AND_CONTINUE = NO;
				HEADER_SEARCH_PATHS = "";
				INSTALL_PATH = "$(HOME)/Applications";
				LIBRARY_SEARCH_PATHS = "";
				OTHER_CFLAGS = "";
				OTHER_LDFLAGS = "";
				PRECOMPILE_PREFIX_HEADER = YES;
				PREFIX_HEADER = UKProgressPanel_Prefix.h;
				PRODUCT_NAME = UKProgressPanel;
				SECTORDER_FLAGS = "";
				WARNING_CFLAGS = (
					"-Wmost",
					"-Wno-four-char-constants",
					"-Wno-unknown-pragmas",
				);
				WRAPPER_EXTENSION = app;
				ZERO_LINK = NO;
			};
			name = Deployment;
		};
		7FFF2D10093830B0008572B2 /* Default */ = {
			isa = XCBuildConfiguration;
			buildSettings = {
				FRAMEWORK_SEARCH_PATHS = "";
				HEADER_SEARCH_PATHS = "";
				INSTALL_PATH = "$(HOME)/Applications";
				LIBRARY_SEARCH_PATHS = "";
				OTHER_CFLAGS = "";
				OTHER_LDFLAGS = "";
				PRECOMPILE_PREFIX_HEADER = YES;
				PREFIX_HEADER = UKProgressPanel_Prefix.h;
				PRODUCT_NAME = UKProgressPanel;
				SECTORDER_FLAGS = "";
				WARNING_CFLAGS = (
					"-Wmost",
					"-Wno-four-char-constants",
					"-Wno-unknown-pragmas",
				);
				WRAPPER_EXTENSION = app;
			};
			name = Default;
		};
		7FFF2D12093830B0008572B2 /* Development */ = {
			isa = XCBuildConfiguration;
			buildSettings = {
			};
			name = Development;
		};
		7FFF2D13093830B0008572B2 /* Deployment */ = {
			isa = XCBuildConfiguration;
			buildSettings = {
			};
			name = Deployment;
		};
		7FFF2D14093830B0008572B2 /* Default */ = {
			isa = XCBuildConfiguration;
			buildSettings = {
			};
			name = Default;
		};
/* End XCBuildConfiguration section */

/* Begin XCConfigurationList section */
		7FFF2D0D093830B0008572B2 /* Build configuration list for PBXApplicationTarget "UKProgressPanel" */ = {
			isa = XCConfigurationList;
			buildConfigurations = (
				7FFF2D0E093830B0008572B2 /* Development */,
				7FFF2D0F093830B0008572B2 /* Deployment */,
				7FFF2D10093830B0008572B2 /* Default */,
			);
			defaultConfigurationIsVisible = 0;
			defaultConfigurationName = Default;
		};
		7FFF2D11093830B0008572B2 /* Build configuration list for PBXProject "UKProgressPanel" */ = {
			isa = XCConfigurationList;
			buildConfigurations = (
				7FFF2D12093830B0008572B2 /* Development */,
				7FFF2D13093830B0008572B2 /* Deployment */,
				7FFF2D14093830B0008572B2 /* Default */,
			);
			defaultConfigurationIsVisible = 0;
			defaultConfigurationName = Default;
		};
/* End XCConfigurationList section */
	};
	rootObject = 29B97313FDCFA39411CA2CEA /* Project object */;
}
