// !$*UTF8*$!
{
	archiveVersion = 1;
	classes = {
	};
	objectVersion = 42;
	objects = {

/* Begin PBXBuildFile section */
		332EA8F20B99E76900614E3D /* element.xml in Resources */ = {isa = PBXBuildFile; fileRef = 332EA7DF0B99E3B700614E3D /* element.xml */; };
		7F2817B207B6F4EB007D4010 /* QSFinderProxy.h in Resources */ = {isa = PBXBuildFile; fileRef = 7F2817B007B6F4EB007D4010 /* QSFinderProxy.h */; };
		7F2817B307B6F4EB007D4010 /* QSFinderProxy.m in Sources */ = {isa = PBXBuildFile; fileRef = 7F2817B107B6F4EB007D4010 /* QSFinderProxy.m */; };
		7F2817B707B6F4FC007D4010 /* Finder.scpt in Resources */ = {isa = PBXBuildFile; fileRef = 7F2817B607B6F4FC007D4010 /* Finder.scpt */; };
		8D1AC9700486D14A00FE50C9 /* Cocoa.framework in Frameworks */ = {isa = PBXBuildFile; fileRef = DD92D38A0106425D02CA0E72 /* Cocoa.framework */; };
/* End PBXBuildFile section */

/* Begin PBXContainerItemProxy section */
		4D508B6E0D134CC200A9B360 /* PBXContainerItemProxy */ = {
			isa = PBXContainerItemProxy;
			containerPortal = 4D508B660D134CC200A9B360 /* Quicksilver.xcodeproj */;
			proxyType = 2;
			remoteGlobalIDString = 7F9A7A640C49595900B5912D;
			remoteInfo = Quicksilver;
		};
		4D508B700D134CC200A9B360 /* PBXContainerItemProxy */ = {
			isa = PBXContainerItemProxy;
			containerPortal = 4D508B660D134CC200A9B360 /* Quicksilver.xcodeproj */;
			proxyType = 2;
			remoteGlobalIDString = 7F5D22470C49C18400812049;
			remoteInfo = Core;
		};
		4D508B740D134CD300A9B360 /* PBXContainerItemProxy */ = {
			isa = PBXContainerItemProxy;
			containerPortal = 4D508B660D134CC200A9B360 /* Quicksilver.xcodeproj */;
			proxyType = 1;
			remoteGlobalIDString = 7F9A7A630C49595900B5912D;
			remoteInfo = Quicksilver;
		};
/* End PBXContainerItemProxy section */

/* Begin PBXFileReference section */
		332EA7DF0B99E3B700614E3D /* element.xml */ = {isa = PBXFileReference; fileEncoding = 30; lastKnownFileType = text.xml; path = element.xml; sourceTree = "<group>"; };
		4D508A1F0D133E8600A9B360 /* QSElement.xcconfig */ = {isa = PBXFileReference; fileEncoding = 4; lastKnownFileType = text.xcconfig; path = QSElement.xcconfig; sourceTree = "<group>"; };
		4D508A210D133E8600A9B360 /* QSElement_Prefix.pch */ = {isa = PBXFileReference; fileEncoding = 4; lastKnownFileType = sourcecode.c.h; path = QSElement_Prefix.pch; sourceTree = "<group>"; };
		4D508B660D134CC200A9B360 /* Quicksilver.xcodeproj */ = {isa = PBXFileReference; lastKnownFileType = "wrapper.pb-project"; name = Quicksilver.xcodeproj; path = ../../Quicksilver.xcodeproj; sourceTree = SOURCE_ROOT; };
		7F07AAE9085E3A4F00E2AFC4 /* QSFSBrowserMediator.h */ = {isa = PBXFileReference; fileEncoding = 30; lastKnownFileType = sourcecode.c.h; name = QSFSBrowserMediator.h; path = ../../CoreElement/Code/QSFSBrowserMediator.h; sourceTree = SOURCE_ROOT; };
		7F2817B007B6F4EB007D4010 /* QSFinderProxy.h */ = {isa = PBXFileReference; fileEncoding = 30; lastKnownFileType = sourcecode.c.h; path = QSFinderProxy.h; sourceTree = "<group>"; };
		7F2817B107B6F4EB007D4010 /* QSFinderProxy.m */ = {isa = PBXFileReference; fileEncoding = 30; lastKnownFileType = sourcecode.c.objc; path = QSFinderProxy.m; sourceTree = "<group>"; };
		7F2817B607B6F4FC007D4010 /* Finder.scpt */ = {isa = PBXFileReference; fileEncoding = 30; lastKnownFileType = sourcecode.scpt; path = Finder.scpt; sourceTree = "<group>"; };
		8D1AC9730486D14A00FE50C9 /* Info.plist */ = {isa = PBXFileReference; fileEncoding = 4; lastKnownFileType = text.plist; path = Info.plist; sourceTree = "<group>"; };
		8D1AC9740486D14A00FE50C9 /* Finder Module.element */ = {isa = PBXFileReference; explicitFileType = wrapper.cfbundle; includeInIndex = 0; path = "Finder Module.element"; sourceTree = BUILT_PRODUCTS_DIR; };
		DD92D38A0106425D02CA0E72 /* Cocoa.framework */ = {isa = PBXFileReference; lastKnownFileType = wrapper.framework; name = Cocoa.framework; path = /System/Library/Frameworks/Cocoa.framework; sourceTree = "<absolute>"; };
/* End PBXFileReference section */

/* Begin PBXFrameworksBuildPhase section */
		8D1AC96E0486D14A00FE50C9 /* Frameworks */ = {
			isa = PBXFrameworksBuildPhase;
			buildActionMask = 2147483647;
			files = (
				8D1AC9700486D14A00FE50C9 /* Cocoa.framework in Frameworks */,
			);
			runOnlyForDeploymentPostprocessing = 0;
		};
/* End PBXFrameworksBuildPhase section */

/* Begin PBXGroup section */
		0259C574FE90428111CA0C5A /* QSFinderPlugIn */ = {
			isa = PBXGroup;
			children = (
				4D508B660D134CC200A9B360 /* Quicksilver.xcodeproj */,
				4D508A1B0D133E8600A9B360 /* Configuration */,
				32DBCF9E0370C38000C91783 /* Classes */,
				32DBCF9F0370C38200C91783 /* Other Sources */,
				0259C582FE90428111CA0C5A /* Resources */,
				1ED78706FE9D4A0611CA0C5A /* Products */,
				2E58F364FFB232C311CA0CBA /* Frameworks */,
			);
			name = QSFinderPlugIn;
			sourceTree = "<group>";
		};
		0259C582FE90428111CA0C5A /* Resources */ = {
			isa = PBXGroup;
			children = (
				332EA7DF0B99E3B700614E3D /* element.xml */,
				7F2817B607B6F4FC007D4010 /* Finder.scpt */,
				8D1AC9730486D14A00FE50C9 /* Info.plist */,
			);
			name = Resources;
			sourceTree = "<group>";
		};
		1ED78706FE9D4A0611CA0C5A /* Products */ = {
			isa = PBXGroup;
			children = (
				8D1AC9740486D14A00FE50C9 /* Finder Module.element */,
			);
			name = Products;
			sourceTree = "<group>";
		};
		2E58F364FFB232C311CA0CBA /* Frameworks */ = {
			isa = PBXGroup;
			children = (
				DD92D38A0106425D02CA0E72 /* Cocoa.framework */,
			);
			name = Frameworks;
			sourceTree = "<group>";
		};
		32DBCF9E0370C38000C91783 /* Classes */ = {
			isa = PBXGroup;
			children = (
				7F2817B007B6F4EB007D4010 /* QSFinderProxy.h */,
				7F2817B107B6F4EB007D4010 /* QSFinderProxy.m */,
			);
			name = Classes;
			sourceTree = "<group>";
		};
		32DBCF9F0370C38200C91783 /* Other Sources */ = {
			isa = PBXGroup;
			children = (
				7F07AAE9085E3A4F00E2AFC4 /* QSFSBrowserMediator.h */,
			);
			name = "Other Sources";
			sourceTree = "<group>";
		};
		4D508A1B0D133E8600A9B360 /* Configuration */ = {
			isa = PBXGroup;
			children = (
				4D508A1F0D133E8600A9B360 /* QSElement.xcconfig */,
				4D508A210D133E8600A9B360 /* QSElement_Prefix.pch */,
			);
			name = Configuration;
			path = ../../../Configuration;
			sourceTree = SOURCE_ROOT;
		};
		4D508B670D134CC200A9B360 /* Products */ = {
			isa = PBXGroup;
			children = (
				4D508B6F0D134CC200A9B360 /* Quicksilver.app */,
				4D508B710D134CC200A9B360 /* Core.element */,
			);
			name = Products;
			sourceTree = "<group>";
		};
/* End PBXGroup section */

/* Begin PBXNativeTarget section */
		8D1AC9600486D14A00FE50C9 /* Finder Module */ = {
			isa = PBXNativeTarget;
			buildConfigurationList = 7FE8955C085D305D0016C421 /* Build configuration list for PBXNativeTarget "Finder Module" */;
			buildPhases = (
				8D1AC9660486D14A00FE50C9 /* Resources */,
				8D1AC96A0486D14A00FE50C9 /* Sources */,
				8D1AC96E0486D14A00FE50C9 /* Frameworks */,
				E1022B2806B3475D00299BEC /* ShellScript */,
			);
			buildRules = (
			);
			dependencies = (
				4D508B750D134CD300A9B360 /* PBXTargetDependency */,
			);
			name = "Finder Module";
			productInstallPath = "$(HOME)/Developer/Palettes";
			productName = QSFinderPlugIn;
			productReference = 8D1AC9740486D14A00FE50C9 /* Finder Module.element */;
			productType = "com.apple.product-type.bundle";
		};
/* End PBXNativeTarget section */

/* Begin PBXProject section */
		0259C573FE90428111CA0C5A /* Project object */ = {
			isa = PBXProject;
			buildConfigurationList = 7FE89560085D305D0016C421 /* Build configuration list for PBXProject "QSFinderPlugIn" */;
			compatibilityVersion = "Xcode 2.4";
			hasScannedForEncodings = 1;
			mainGroup = 0259C574FE90428111CA0C5A /* QSFinderPlugIn */;
			projectDirPath = "";
			projectReferences = (
				{
					ProductGroup = 4D508B670D134CC200A9B360 /* Products */;
					ProjectRef = 4D508B660D134CC200A9B360 /* Quicksilver.xcodeproj */;
				},
			);
			projectRoot = "";
			targets = (
				8D1AC9600486D14A00FE50C9 /* Finder Module */,
			);
		};
/* End PBXProject section */

/* Begin PBXReferenceProxy section */
		4D508B6F0D134CC200A9B360 /* Quicksilver.app */ = {
			isa = PBXReferenceProxy;
			fileType = wrapper.application;
			path = Quicksilver.app;
			remoteRef = 4D508B6E0D134CC200A9B360 /* PBXContainerItemProxy */;
			sourceTree = BUILT_PRODUCTS_DIR;
		};
		4D508B710D134CC200A9B360 /* Core.element */ = {
			isa = PBXReferenceProxy;
			fileType = wrapper.cfbundle;
			path = Core.element;
			remoteRef = 4D508B700D134CC200A9B360 /* PBXContainerItemProxy */;
			sourceTree = BUILT_PRODUCTS_DIR;
		};
/* End PBXReferenceProxy section */

/* Begin PBXResourcesBuildPhase section */
		8D1AC9660486D14A00FE50C9 /* Resources */ = {
			isa = PBXResourcesBuildPhase;
			buildActionMask = 2147483647;
			files = (
				7F2817B207B6F4EB007D4010 /* QSFinderProxy.h in Resources */,
				7F2817B707B6F4FC007D4010 /* Finder.scpt in Resources */,
				332EA8F20B99E76900614E3D /* element.xml in Resources */,
			);
			runOnlyForDeploymentPostprocessing = 0;
		};
/* End PBXResourcesBuildPhase section */

/* Begin PBXShellScriptBuildPhase section */
		E1022B2806B3475D00299BEC /* ShellScript */ = {
			isa = PBXShellScriptBuildPhase;
			buildActionMask = 2147483647;
			files = (
			);
			inputPaths = (
			);
			outputPaths = (
			);
			runOnlyForDeploymentPostprocessing = 0;
			shellPath = /bin/sh;
			shellScript = "$SRCROOT/bltrversion $INFOPLIST_FILE";
		};
/* End PBXShellScriptBuildPhase section */

/* Begin PBXSourcesBuildPhase section */
		8D1AC96A0486D14A00FE50C9 /* Sources */ = {
			isa = PBXSourcesBuildPhase;
			buildActionMask = 2147483647;
			files = (
				7F2817B307B6F4EB007D4010 /* QSFinderProxy.m in Sources */,
			);
			runOnlyForDeploymentPostprocessing = 0;
		};
/* End PBXSourcesBuildPhase section */

/* Begin PBXTargetDependency section */
		4D508B750D134CD300A9B360 /* PBXTargetDependency */ = {
			isa = PBXTargetDependency;
			name = Quicksilver;
			targetProxy = 4D508B740D134CD300A9B360 /* PBXContainerItemProxy */;
		};
/* End PBXTargetDependency section */

/* Begin XCBuildConfiguration section */
		7FE8955D085D305D0016C421 /* Debug */ = {
			isa = XCBuildConfiguration;
			baseConfigurationReference = 4D508A1F0D133E8600A9B360 /* QSElement.xcconfig */;
			buildSettings = {
				INFOPLIST_FILE = Info.plist;
				PRODUCT_NAME = "Finder Module";
			};
			name = Debug;
		};
		7FE8955E085D305D0016C421 /* Release */ = {
			isa = XCBuildConfiguration;
			baseConfigurationReference = 4D508A1F0D133E8600A9B360 /* QSElement.xcconfig */;
			buildSettings = {
				INFOPLIST_FILE = Info.plist;
				PRODUCT_NAME = "Finder Module";
			};
			name = Release;
		};
		7FE89561085D305D0016C421 /* Debug */ = {
			isa = XCBuildConfiguration;
			buildSettings = {
			};
			name = Debug;
		};
		7FE89562085D305D0016C421 /* Release */ = {
			isa = XCBuildConfiguration;
			buildSettings = {
			};
			name = Release;
		};
/* End XCBuildConfiguration section */

/* Begin XCConfigurationList section */
		7FE8955C085D305D0016C421 /* Build configuration list for PBXNativeTarget "Finder Module" */ = {
			isa = XCConfigurationList;
			buildConfigurations = (
				7FE8955D085D305D0016C421 /* Debug */,
				7FE8955E085D305D0016C421 /* Release */,
			);
			defaultConfigurationIsVisible = 0;
			defaultConfigurationName = Debug;
		};
		7FE89560085D305D0016C421 /* Build configuration list for PBXProject "QSFinderPlugIn" */ = {
			isa = XCConfigurationList;
			buildConfigurations = (
				7FE89561085D305D0016C421 /* Debug */,
				7FE89562085D305D0016C421 /* Release */,
			);
			defaultConfigurationIsVisible = 0;
			defaultConfigurationName = Debug;
		};
/* End XCConfigurationList section */
	};
	rootObject = 0259C573FE90428111CA0C5A /* Project object */;
}
