// !$*UTF8*$!
{
	archiveVersion = 1;
	classes = {
	};
	objectVersion = 42;
	objects = {

/* Begin PBXBuildFile section */
		E18CEAD1077C7BA9002B030A /* QSPrimerInterfaceController.h in Resources */ = {isa = PBXBuildFile; fileRef = E18CEACE077C7BA9002B030A /* QSPrimerInterfaceController.h */; };
		E18CEAD2077C7BA9002B030A /* QSPrimerInterfaceController.m in Sources */ = {isa = PBXBuildFile; fileRef = E18CEACF077C7BA9002B030A /* QSPrimerInterfaceController.m */; };
		E18CEAF9077C7E03002B030A /* Primer.nib in Resources */ = {isa = PBXBuildFile; fileRef = E18CEAF8077C7E03002B030A /* Primer.nib */; };
		E19BDB4F071E3011009BCC54 /* Localizable.strings in Resources */ = {isa = PBXBuildFile; fileRef = E19BDB4D071E3011009BCC54 /* Localizable.strings */; };
/* End PBXBuildFile section */

/* Begin PBXFileReference section */
		4DF0626B0E0BB8D50000EB16 /* Common.xcconfig */ = {isa = PBXFileReference; fileEncoding = 4; lastKnownFileType = text.xcconfig; path = Common.xcconfig; sourceTree = "<group>"; };
		4DF0626C0E0BB8D50000EB16 /* Debug.xcconfig */ = {isa = PBXFileReference; fileEncoding = 4; lastKnownFileType = text.xcconfig; path = Debug.xcconfig; sourceTree = "<group>"; };
		4DF0626D0E0BB8D50000EB16 /* Developer.xcconfig */ = {isa = PBXFileReference; fileEncoding = 4; lastKnownFileType = text.xcconfig; name = Developer.xcconfig; path = "/Volumes/myHD/Projects/Quicksilver/quicksilver-b5x/Quicksilver/Configuration/Developer.xcconfig"; sourceTree = "<absolute>"; };
		4DF0626E0E0BB8D50000EB16 /* QSPlugIn.xcconfig */ = {isa = PBXFileReference; fileEncoding = 4; lastKnownFileType = text.xcconfig; path = QSPlugIn.xcconfig; sourceTree = "<group>"; };
		4DF0626F0E0BB8D50000EB16 /* QSPlugIn_Prefix.pch */ = {isa = PBXFileReference; fileEncoding = 4; lastKnownFileType = sourcecode.c.h; path = QSPlugIn_Prefix.pch; sourceTree = "<group>"; };
		4DF062700E0BB8D50000EB16 /* Release.xcconfig */ = {isa = PBXFileReference; fileEncoding = 4; lastKnownFileType = text.xcconfig; path = Release.xcconfig; sourceTree = "<group>"; };
		8D1AC9730486D14A00FE50C9 /* Info.plist */ = {isa = PBXFileReference; fileEncoding = 4; lastKnownFileType = text.plist; path = Info.plist; sourceTree = "<group>"; };
		8D1AC9740486D14A00FE50C9 /* Primer Interface.qsplugin */ = {isa = PBXFileReference; explicitFileType = wrapper.cfbundle; includeInIndex = 0; path = "Primer Interface.qsplugin"; sourceTree = BUILT_PRODUCTS_DIR; };
		E18CEACE077C7BA9002B030A /* QSPrimerInterfaceController.h */ = {isa = PBXFileReference; fileEncoding = 30; lastKnownFileType = sourcecode.c.h; path = QSPrimerInterfaceController.h; sourceTree = "<group>"; };
		E18CEACF077C7BA9002B030A /* QSPrimerInterfaceController.m */ = {isa = PBXFileReference; fileEncoding = 30; lastKnownFileType = sourcecode.c.objc; path = QSPrimerInterfaceController.m; sourceTree = "<group>"; };
		E18CEAF8077C7E03002B030A /* Primer.nib */ = {isa = PBXFileReference; lastKnownFileType = wrapper.nib; path = Primer.nib; sourceTree = "<group>"; };
		E19BDB4E071E3011009BCC54 /* en */ = {isa = PBXFileReference; fileEncoding = 30; lastKnownFileType = text.plist.strings; name = en; path = en.lproj/Localizable.strings; sourceTree = "<group>"; };
/* End PBXFileReference section */

/* Begin PBXFrameworksBuildPhase section */
		8D1AC96E0486D14A00FE50C9 /* Frameworks */ = {
			isa = PBXFrameworksBuildPhase;
			buildActionMask = 2147483647;
			files = (
			);
			runOnlyForDeploymentPostprocessing = 0;
		};
/* End PBXFrameworksBuildPhase section */

/* Begin PBXGroup section */
		0259C574FE90428111CA0C5A /* QSOrnateInterfacePlugIn */ = {
			isa = PBXGroup;
			children = (
				4DF0626A0E0BB8D50000EB16 /* Configuration */,
				32DBCF9E0370C38000C91783 /* Classes */,
				32DBCF9F0370C38200C91783 /* Other Sources */,
				0259C582FE90428111CA0C5A /* Resources */,
				1ED78706FE9D4A0611CA0C5A /* Products */,
				2E58F364FFB232C311CA0CBA /* Frameworks */,
			);
			name = QSOrnateInterfacePlugIn;
			sourceTree = "<group>";
		};
		0259C582FE90428111CA0C5A /* Resources */ = {
			isa = PBXGroup;
			children = (
				E19BDB4D071E3011009BCC54 /* Localizable.strings */,
				E18CEAF8077C7E03002B030A /* Primer.nib */,
				8D1AC9730486D14A00FE50C9 /* Info.plist */,
			);
			name = Resources;
			sourceTree = "<group>";
		};
		1ED78706FE9D4A0611CA0C5A /* Products */ = {
			isa = PBXGroup;
			children = (
				8D1AC9740486D14A00FE50C9 /* Primer Interface.qsplugin */,
			);
			name = Products;
			sourceTree = "<group>";
		};
		2E58F364FFB232C311CA0CBA /* Frameworks */ = {
			isa = PBXGroup;
			children = (
			);
			name = Frameworks;
			sourceTree = "<group>";
		};
		32DBCF9E0370C38000C91783 /* Classes */ = {
			isa = PBXGroup;
			children = (
				E18CEACE077C7BA9002B030A /* QSPrimerInterfaceController.h */,
				E18CEACF077C7BA9002B030A /* QSPrimerInterfaceController.m */,
			);
			name = Classes;
			sourceTree = "<group>";
		};
		32DBCF9F0370C38200C91783 /* Other Sources */ = {
			isa = PBXGroup;
			children = (
			);
			name = "Other Sources";
			sourceTree = "<group>";
		};
		4DF0626A0E0BB8D50000EB16 /* Configuration */ = {
			isa = PBXGroup;
			children = (
				4DF0626B0E0BB8D50000EB16 /* Common.xcconfig */,
				4DF0626C0E0BB8D50000EB16 /* Debug.xcconfig */,
				4DF0626D0E0BB8D50000EB16 /* Developer.xcconfig */,
				4DF0626E0E0BB8D50000EB16 /* QSPlugIn.xcconfig */,
				4DF0626F0E0BB8D50000EB16 /* QSPlugIn_Prefix.pch */,
				4DF062700E0BB8D50000EB16 /* Release.xcconfig */,
			);
			name = Configuration;
			path = ../../Configuration;
			sourceTree = SOURCE_ROOT;
		};
/* End PBXGroup section */

/* Begin PBXNativeTarget section */
		8D1AC9600486D14A00FE50C9 /* Primer Interface */ = {
			isa = PBXNativeTarget;
			buildConfigurationList = 7F07AB7D085E3B0F00E2AFC4 /* Build configuration list for PBXNativeTarget "Primer Interface" */;
			buildPhases = (
				8D1AC9660486D14A00FE50C9 /* Resources */,
				8D1AC96A0486D14A00FE50C9 /* Sources */,
				8D1AC96E0486D14A00FE50C9 /* Frameworks */,
				E1022B2806B3475D00299BEC /* ShellScript */,
			);
			buildRules = (
			);
			dependencies = (
			);
			name = "Primer Interface";
			productInstallPath = "$(HOME)/Developer/Palettes";
			productName = QSOrnateInterfacePlugIn;
			productReference = 8D1AC9740486D14A00FE50C9 /* Primer Interface.qsplugin */;
			productType = "com.apple.product-type.bundle";
		};
/* End PBXNativeTarget section */

/* Begin PBXProject section */
		0259C573FE90428111CA0C5A /* Project object */ = {
			isa = PBXProject;
			buildConfigurationList = 7F07AB81085E3B0F00E2AFC4 /* Build configuration list for PBXProject "QSPrimerInterfacePlugIn" */;
			compatibilityVersion = "Xcode 2.4";
			hasScannedForEncodings = 1;
			knownRegions = (
				English,
				Japanese,
				French,
				German,
				en,
			);
			mainGroup = 0259C574FE90428111CA0C5A /* QSOrnateInterfacePlugIn */;
			projectDirPath = "";
			projectRoot = "";
			targets = (
				8D1AC9600486D14A00FE50C9 /* Primer Interface */,
			);
		};
/* End PBXProject section */

/* Begin PBXResourcesBuildPhase section */
		8D1AC9660486D14A00FE50C9 /* Resources */ = {
			isa = PBXResourcesBuildPhase;
			buildActionMask = 2147483647;
			files = (
				E19BDB4F071E3011009BCC54 /* Localizable.strings in Resources */,
				E18CEAD1077C7BA9002B030A /* QSPrimerInterfaceController.h in Resources */,
				E18CEAF9077C7E03002B030A /* Primer.nib in Resources */,
			);
			runOnlyForDeploymentPostprocessing = 0;
		};
/* End PBXResourcesBuildPhase section */

/* Begin PBXShellScriptBuildPhase section */
		E1022B2806B3475D00299BEC /* ShellScript */ = {
			isa = PBXShellScriptBuildPhase;
			buildActionMask = 2147483647;
			files = (
			);
			inputPaths = (
			);
			outputPaths = (
			);
			runOnlyForDeploymentPostprocessing = 0;
			shellPath = /bin/sh;
			shellScript = "\"$SRCROOT/../bltrversion\" $INFOPLIST_FILE";
		};
/* End PBXShellScriptBuildPhase section */

/* Begin PBXSourcesBuildPhase section */
		8D1AC96A0486D14A00FE50C9 /* Sources */ = {
			isa = PBXSourcesBuildPhase;
			buildActionMask = 2147483647;
			files = (
				E18CEAD2077C7BA9002B030A /* QSPrimerInterfaceController.m in Sources */,
			);
			runOnlyForDeploymentPostprocessing = 0;
		};
/* End PBXSourcesBuildPhase section */

/* Begin PBXVariantGroup section */
		E19BDB4D071E3011009BCC54 /* Localizable.strings */ = {
			isa = PBXVariantGroup;
			children = (
				E19BDB4E071E3011009BCC54 /* en */,
			);
			name = Localizable.strings;
			sourceTree = "<group>";
		};
/* End PBXVariantGroup section */

/* Begin XCBuildConfiguration section */
		7F07AB7E085E3B0F00E2AFC4 /* Debug */ = {
			isa = XCBuildConfiguration;
			baseConfigurationReference = 4DF0626E0E0BB8D50000EB16 /* QSPlugIn.xcconfig */;
			buildSettings = {
				PRODUCT_NAME = "Primer Interface";
			};
			name = Debug;
		};
		7F07AB7F085E3B0F00E2AFC4 /* Release */ = {
			isa = XCBuildConfiguration;
			baseConfigurationReference = 4DF0626E0E0BB8D50000EB16 /* QSPlugIn.xcconfig */;
			buildSettings = {
				PRODUCT_NAME = "Primer Interface";
			};
			name = Release;
		};
		7F07AB82085E3B0F00E2AFC4 /* Debug */ = {
			isa = XCBuildConfiguration;
			baseConfigurationReference = 4DF0626C0E0BB8D50000EB16 /* Debug.xcconfig */;
			buildSettings = {
			};
			name = Debug;
		};
		7F07AB83085E3B0F00E2AFC4 /* Release */ = {
			isa = XCBuildConfiguration;
			baseConfigurationReference = 4DF062700E0BB8D50000EB16 /* Release.xcconfig */;
			buildSettings = {
			};
			name = Release;
		};
/* End XCBuildConfiguration section */

/* Begin XCConfigurationList section */
		7F07AB7D085E3B0F00E2AFC4 /* Build configuration list for PBXNativeTarget "Primer Interface" */ = {
			isa = XCConfigurationList;
			buildConfigurations = (
				7F07AB7E085E3B0F00E2AFC4 /* Debug */,
				7F07AB7F085E3B0F00E2AFC4 /* Release */,
			);
			defaultConfigurationIsVisible = 0;
			defaultConfigurationName = Debug;
		};
		7F07AB81085E3B0F00E2AFC4 /* Build configuration list for PBXProject "QSPrimerInterfacePlugIn" */ = {
			isa = XCConfigurationList;
			buildConfigurations = (
				7F07AB82085E3B0F00E2AFC4 /* Debug */,
				7F07AB83085E3B0F00E2AFC4 /* Release */,
			);
			defaultConfigurationIsVisible = 0;
			defaultConfigurationName = Debug;
		};
/* End XCConfigurationList section */
	};
	rootObject = 0259C573FE90428111CA0C5A /* Project object */;
}
